
Microsoft Visual Studio Solution File, Format Version 12.00
# Visual Studio 15
VisualStudioVersion = 15.0.28307.271
MinimumVisualStudioVersion = 10.0.40219.1
Project("{8BC9CEB8-8B4A-11D0-8D11-00A0C91BC942}") = "tun2socks-core", "tun2socks-core\tun2socks-core.vcxproj", "{DB9AB805-4D76-495E-9F24-07B8B64215A8}"
EndProject
Project("{8BC9CEB8-8B4A-11D0-8D11-00A0C91BC942}") = "tun2socks-cli", "tun2socks-cli\tun2socks-cli.vcxproj", "{F79EF483-3617-4340-BBC0-0A9CA0BFC4E8}"
	ProjectSection(ProjectDependencies) = postProject
		{DB9AB805-4D76-495E-9F24-07B8B64215A8} = {DB9AB805-4D76-495E-9F24-07B8B64215A8}
	EndProjectSection
EndProject
Global
	GlobalSection(SolutionConfigurationPlatforms) = preSolution
		Debug|Any CPU = Debug|Any CPU
		Debug|x64 = Debug|x64
		Debug|x86 = Debug|x86
		DLLRelease|Any CPU = DLLRelease|Any CPU
		DLLRelease|x64 = DLLRelease|x64
		DLLRelease|x86 = DLLRelease|x86
		Release|Any CPU = Release|Any CPU
		Release|x64 = Release|x64
		Release|x86 = Release|x86
	EndGlobalSection
	GlobalSection(ProjectConfigurationPlatforms) = postSolution
		{DB9AB805-4D76-495E-9F24-07B8B64215A8}.Debug|Any CPU.ActiveCfg = Debug|Win32
		{DB9AB805-4D76-495E-9F24-07B8B64215A8}.Debug|x64.ActiveCfg = Debug|x64
		{DB9AB805-4D76-495E-9F24-07B8B64215A8}.Debug|x64.Build.0 = Debug|x64
		{DB9AB805-4D76-495E-9F24-07B8B64215A8}.Debug|x86.ActiveCfg = Debug|Win32
		{DB9AB805-4D76-495E-9F24-07B8B64215A8}.Debug|x86.Build.0 = Debug|Win32
		{DB9AB805-4D76-495E-9F24-07B8B64215A8}.DLLRelease|Any CPU.ActiveCfg = DLLRelease|Win32
		{DB9AB805-4D76-495E-9F24-07B8B64215A8}.DLLRelease|x64.ActiveCfg = DLLRelease|x64
		{DB9AB805-4D76-495E-9F24-07B8B64215A8}.DLLRelease|x64.Build.0 = DLLRelease|x64
		{DB9AB805-4D76-495E-9F24-07B8B64215A8}.DLLRelease|x86.ActiveCfg = DLLRelease|Win32
		{DB9AB805-4D76-495E-9F24-07B8B64215A8}.DLLRelease|x86.Build.0 = DLLRelease|Win32
		{DB9AB805-4D76-495E-9F24-07B8B64215A8}.Release|Any CPU.ActiveCfg = Release|Win32
		{DB9AB805-4D76-495E-9F24-07B8B64215A8}.Release|x64.ActiveCfg = Release|x64
		{DB9AB805-4D76-495E-9F24-07B8B64215A8}.Release|x64.Build.0 = Release|x64
		{DB9AB805-4D76-495E-9F24-07B8B64215A8}.Release|x86.ActiveCfg = Release|Win32
		{DB9AB805-4D76-495E-9F24-07B8B64215A8}.Release|x86.Build.0 = Release|Win32
		{F79EF483-3617-4340-BBC0-0A9CA0BFC4E8}.Debug|Any CPU.ActiveCfg = Debug|Win32
		{F79EF483-3617-4340-BBC0-0A9CA0BFC4E8}.Debug|x64.ActiveCfg = Debug|x64
		{F79EF483-3617-4340-BBC0-0A9CA0BFC4E8}.Debug|x64.Build.0 = Debug|x64
		{F79EF483-3617-4340-BBC0-0A9CA0BFC4E8}.Debug|x86.ActiveCfg = Debug|Win32
		{F79EF483-3617-4340-BBC0-0A9CA0BFC4E8}.Debug|x86.Build.0 = Debug|Win32
		{F79EF483-3617-4340-BBC0-0A9CA0BFC4E8}.DLLRelease|Any CPU.ActiveCfg = Release|x64
		{F79EF483-3617-4340-BBC0-0A9CA0BFC4E8}.DLLRelease|Any CPU.Build.0 = Release|x64
		{F79EF483-3617-4340-BBC0-0A9CA0BFC4E8}.DLLRelease|x64.ActiveCfg = Release|x64
		{F79EF483-3617-4340-BBC0-0A9CA0BFC4E8}.DLLRelease|x64.Build.0 = Release|x64
		{F79EF483-3617-4340-BBC0-0A9CA0BFC4E8}.DLLRelease|x86.ActiveCfg = Release|Win32
		{F79EF483-3617-4340-BBC0-0A9CA0BFC4E8}.DLLRelease|x86.Build.0 = Release|Win32
		{F79EF483-3617-4340-BBC0-0A9CA0BFC4E8}.Release|Any CPU.ActiveCfg = Release|Win32
		{F79EF483-3617-4340-BBC0-0A9CA0BFC4E8}.Release|x64.ActiveCfg = Release|x64
		{F79EF483-3617-4340-BBC0-0A9CA0BFC4E8}.Release|x64.Build.0 = Release|x64
		{F79EF483-3617-4340-BBC0-0A9CA0BFC4E8}.Release|x86.ActiveCfg = Release|Win32
		{F79EF483-3617-4340-BBC0-0A9CA0BFC4E8}.Release|x86.Build.0 = Release|Win32
	EndGlobalSection
	GlobalSection(SolutionProperties) = preSolution
		HideSolutionNode = FALSE
	EndGlobalSection
	GlobalSection(ExtensibilityGlobals) = postSolution
		SolutionGuid = {DFEE9ECB-02EA-433F-9623-6F99C108D9C7}
	EndGlobalSection
EndGlobal
